// !$*UTF8*$!
{
	archiveVersion = 1;
	classes = {
	};
	objectVersion = 50;
	objects = {

/* Begin PBXBuildFile section */
		B6637FEF26FBD29E0000DC2F /* AppDelegate.swift in Sources */ = {isa = PBXBuildFile; fileRef = B6637FEE26FBD29E0000DC2F /* AppDelegate.swift */; };
		B6637FF126FBD29E0000DC2F /* SceneDelegate.swift in Sources */ = {isa = PBXBuildFile; fileRef = B6637FF026FBD29E0000DC2F /* SceneDelegate.swift */; };
		B6637FF326FBD29E0000DC2F /* MeteorViewController.swift in Sources */ = {isa = PBXBuildFile; fileRef = B6637FF226FBD29E0000DC2F /* MeteorViewController.swift */; };
		B6637FF626FBD29E0000DC2F /* Main.storyboard in Resources */ = {isa = PBXBuildFile; fileRef = B6637FF426FBD29E0000DC2F /* Main.storyboard */; };
		B6637FF826FBD2A20000DC2F /* Assets.xcassets in Resources */ = {isa = PBXBuildFile; fileRef = B6637FF726FBD2A20000DC2F /* Assets.xcassets */; };
		B6637FFB26FBD2A20000DC2F /* LaunchScreen.storyboard in Resources */ = {isa = PBXBuildFile; fileRef = B6637FF926FBD2A20000DC2F /* LaunchScreen.storyboard */; };
		B663800626FBD2A20000DC2F /* TheFallenTests.swift in Sources */ = {isa = PBXBuildFile; fileRef = B663800526FBD2A20000DC2F /* TheFallenTests.swift */; };
		B663801126FBD2A20000DC2F /* TheFallenUITests.swift in Sources */ = {isa = PBXBuildFile; fileRef = B663801026FBD2A20000DC2F /* TheFallenUITests.swift */; };
		B663802726FD0E8D0000DC2F /* MeteorNetworkService.swift in Sources */ = {isa = PBXBuildFile; fileRef = B663802626FD0E8D0000DC2F /* MeteorNetworkService.swift */; };
		B663802926FD0FE80000DC2F /* MeteorModel.swift in Sources */ = {isa = PBXBuildFile; fileRef = B663802826FD0FE80000DC2F /* MeteorModel.swift */; };
		B663802B26FD18080000DC2F /* MeteorViewModel.swift in Sources */ = {isa = PBXBuildFile; fileRef = B663802A26FD18080000DC2F /* MeteorViewModel.swift */; };
		B663802F26FD255C0000DC2F /* MeteorListTableViewCell.swift in Sources */ = {isa = PBXBuildFile; fileRef = B663802E26FD255C0000DC2F /* MeteorListTableViewCell.swift */; };
		B663803126FD25820000DC2F /* MeteorCellViewModel.swift in Sources */ = {isa = PBXBuildFile; fileRef = B663803026FD25820000DC2F /* MeteorCellViewModel.swift */; };
		B663804526FD2F620000DC2F /* SF-Pro-Text-SemiboldItalic.otf in Resources */ = {isa = PBXBuildFile; fileRef = B663803326FD2F5E0000DC2F /* SF-Pro-Text-SemiboldItalic.otf */; };
		B663804626FD2F620000DC2F /* SF-Pro-Text-UltralightItalic.otf in Resources */ = {isa = PBXBuildFile; fileRef = B663803426FD2F5E0000DC2F /* SF-Pro-Text-UltralightItalic.otf */; };
		B663804726FD2F620000DC2F /* SF-Pro-Text-Regular.otf in Resources */ = {isa = PBXBuildFile; fileRef = B663803526FD2F5F0000DC2F /* SF-Pro-Text-Regular.otf */; };
		B663804826FD2F620000DC2F /* SF-Pro-Text-Heavy.otf in Resources */ = {isa = PBXBuildFile; fileRef = B663803626FD2F5F0000DC2F /* SF-Pro-Text-Heavy.otf */; };
		B663804926FD2F620000DC2F /* SF-Pro-Text-LightItalic.otf in Resources */ = {isa = PBXBuildFile; fileRef = B663803726FD2F5F0000DC2F /* SF-Pro-Text-LightItalic.otf */; };
		B663804A26FD2F620000DC2F /* SF-Pro-Text-MediumItalic.otf in Resources */ = {isa = PBXBuildFile; fileRef = B663803826FD2F5F0000DC2F /* SF-Pro-Text-MediumItalic.otf */; };
		B663804B26FD2F620000DC2F /* SF-Pro-Text-Semibold.otf in Resources */ = {isa = PBXBuildFile; fileRef = B663803926FD2F5F0000DC2F /* SF-Pro-Text-Semibold.otf */; };
		B663804C26FD2F620000DC2F /* SF-Pro-Text-ThinItalic.otf in Resources */ = {isa = PBXBuildFile; fileRef = B663803A26FD2F600000DC2F /* SF-Pro-Text-ThinItalic.otf */; };
		B663804D26FD2F620000DC2F /* SF-Pro-Text-BlackItalic.otf in Resources */ = {isa = PBXBuildFile; fileRef = B663803B26FD2F600000DC2F /* SF-Pro-Text-BlackItalic.otf */; };
		B663804E26FD2F620000DC2F /* SF-Pro-Text-RegularItalic.otf in Resources */ = {isa = PBXBuildFile; fileRef = B663803C26FD2F600000DC2F /* SF-Pro-Text-RegularItalic.otf */; };
		B663804F26FD2F620000DC2F /* SF-Pro-Text-Black.otf in Resources */ = {isa = PBXBuildFile; fileRef = B663803D26FD2F600000DC2F /* SF-Pro-Text-Black.otf */; };
		B663805026FD2F620000DC2F /* SF-Pro-Text-BoldItalic.otf in Resources */ = {isa = PBXBuildFile; fileRef = B663803E26FD2F600000DC2F /* SF-Pro-Text-BoldItalic.otf */; };
		B663805126FD2F620000DC2F /* SF-Pro-Text-Light.otf in Resources */ = {isa = PBXBuildFile; fileRef = B663803F26FD2F610000DC2F /* SF-Pro-Text-Light.otf */; };
		B663805226FD2F620000DC2F /* SF-Pro-Text-Ultralight.otf in Resources */ = {isa = PBXBuildFile; fileRef = B663804026FD2F610000DC2F /* SF-Pro-Text-Ultralight.otf */; };
		B663805326FD2F620000DC2F /* SF-Pro-Text-Medium.otf in Resources */ = {isa = PBXBuildFile; fileRef = B663804126FD2F610000DC2F /* SF-Pro-Text-Medium.otf */; };
		B663805426FD2F620000DC2F /* SF-Pro-Text-HeavyItalic.otf in Resources */ = {isa = PBXBuildFile; fileRef = B663804226FD2F610000DC2F /* SF-Pro-Text-HeavyItalic.otf */; };
		B663805526FD2F620000DC2F /* SF-Pro-Text-Thin.otf in Resources */ = {isa = PBXBuildFile; fileRef = B663804326FD2F610000DC2F /* SF-Pro-Text-Thin.otf */; };
		B663805626FD2F620000DC2F /* SF-Pro-Text-Bold.otf in Resources */ = {isa = PBXBuildFile; fileRef = B663804426FD2F620000DC2F /* SF-Pro-Text-Bold.otf */; };
		B663805826FE6BEB0000DC2F /* String+Extensions.swift in Sources */ = {isa = PBXBuildFile; fileRef = B663805726FE6BEB0000DC2F /* String+Extensions.swift */; };
		B663805A26FE818B0000DC2F /* MeteorMapViewController.swift in Sources */ = {isa = PBXBuildFile; fileRef = B663805926FE818B0000DC2F /* MeteorMapViewController.swift */; };
		B663805C26FE838F0000DC2F /* MeteorMapViewModel.swift in Sources */ = {isa = PBXBuildFile; fileRef = B663805B26FE838F0000DC2F /* MeteorMapViewModel.swift */; };
		B663805E26FE8DB30000DC2F /* MeteorFavouritesViewController.swift in Sources */ = {isa = PBXBuildFile; fileRef = B663805D26FE8DB30000DC2F /* MeteorFavouritesViewController.swift */; };
		B663806226FE91690000DC2F /* FavouritesManager.swift in Sources */ = {isa = PBXBuildFile; fileRef = B663806126FE91690000DC2F /* FavouritesManager.swift */; };
		B663806426FF2E2E0000DC2F /* MeteorFavouritesTableViewCell.swift in Sources */ = {isa = PBXBuildFile; fileRef = B663806326FF2E2E0000DC2F /* MeteorFavouritesTableViewCell.swift */; };
/* End PBXBuildFile section */

/* Begin PBXContainerItemProxy section */
		B663800226FBD2A20000DC2F /* PBXContainerItemProxy */ = {
			isa = PBXContainerItemProxy;
			containerPortal = B6637FE326FBD29E0000DC2F /* Project object */;
			proxyType = 1;
			remoteGlobalIDString = B6637FEA26FBD29E0000DC2F;
			remoteInfo = TheFallen;
		};
		B663800D26FBD2A20000DC2F /* PBXContainerItemProxy */ = {
			isa = PBXContainerItemProxy;
			containerPortal = B6637FE326FBD29E0000DC2F /* Project object */;
			proxyType = 1;
			remoteGlobalIDString = B6637FEA26FBD29E0000DC2F;
			remoteInfo = TheFallen;
		};
/* End PBXContainerItemProxy section */

/* Begin PBXFileReference section */
		B6637FEB26FBD29E0000DC2F /* TheFallen.app */ = {isa = PBXFileReference; explicitFileType = wrapper.application; includeInIndex = 0; path = TheFallen.app; sourceTree = BUILT_PRODUCTS_DIR; };
		B6637FEE26FBD29E0000DC2F /* AppDelegate.swift */ = {isa = PBXFileReference; lastKnownFileType = sourcecode.swift; path = AppDelegate.swift; sourceTree = "<group>"; };
		B6637FF026FBD29E0000DC2F /* SceneDelegate.swift */ = {isa = PBXFileReference; lastKnownFileType = sourcecode.swift; path = SceneDelegate.swift; sourceTree = "<group>"; };
		B6637FF226FBD29E0000DC2F /* MeteorViewController.swift */ = {isa = PBXFileReference; lastKnownFileType = sourcecode.swift; path = MeteorViewController.swift; sourceTree = "<group>"; };
		B6637FF526FBD29E0000DC2F /* Base */ = {isa = PBXFileReference; lastKnownFileType = file.storyboard; name = Base; path = Base.lproj/Main.storyboard; sourceTree = "<group>"; };
		B6637FF726FBD2A20000DC2F /* Assets.xcassets */ = {isa = PBXFileReference; lastKnownFileType = folder.assetcatalog; path = Assets.xcassets; sourceTree = "<group>"; };
		B6637FFA26FBD2A20000DC2F /* Base */ = {isa = PBXFileReference; lastKnownFileType = file.storyboard; name = Base; path = Base.lproj/LaunchScreen.storyboard; sourceTree = "<group>"; };
		B6637FFC26FBD2A20000DC2F /* Info.plist */ = {isa = PBXFileReference; lastKnownFileType = text.plist.xml; path = Info.plist; sourceTree = "<group>"; };
		B663800126FBD2A20000DC2F /* TheFallenTests.xctest */ = {isa = PBXFileReference; explicitFileType = wrapper.cfbundle; includeInIndex = 0; path = TheFallenTests.xctest; sourceTree = BUILT_PRODUCTS_DIR; };
		B663800526FBD2A20000DC2F /* TheFallenTests.swift */ = {isa = PBXFileReference; lastKnownFileType = sourcecode.swift; path = TheFallenTests.swift; sourceTree = "<group>"; };
		B663800726FBD2A20000DC2F /* Info.plist */ = {isa = PBXFileReference; lastKnownFileType = text.plist.xml; path = Info.plist; sourceTree = "<group>"; };
		B663800C26FBD2A20000DC2F /* TheFallenUITests.xctest */ = {isa = PBXFileReference; explicitFileType = wrapper.cfbundle; includeInIndex = 0; path = TheFallenUITests.xctest; sourceTree = BUILT_PRODUCTS_DIR; };
		B663801026FBD2A20000DC2F /* TheFallenUITests.swift */ = {isa = PBXFileReference; lastKnownFileType = sourcecode.swift; path = TheFallenUITests.swift; sourceTree = "<group>"; };
		B663801226FBD2A20000DC2F /* Info.plist */ = {isa = PBXFileReference; lastKnownFileType = text.plist.xml; path = Info.plist; sourceTree = "<group>"; };
		B663802626FD0E8D0000DC2F /* MeteorNetworkService.swift */ = {isa = PBXFileReference; lastKnownFileType = sourcecode.swift; path = MeteorNetworkService.swift; sourceTree = "<group>"; };
		B663802826FD0FE80000DC2F /* MeteorModel.swift */ = {isa = PBXFileReference; lastKnownFileType = sourcecode.swift; path = MeteorModel.swift; sourceTree = "<group>"; };
		B663802A26FD18080000DC2F /* MeteorViewModel.swift */ = {isa = PBXFileReference; lastKnownFileType = sourcecode.swift; path = MeteorViewModel.swift; sourceTree = "<group>"; };
		B663802E26FD255C0000DC2F /* MeteorListTableViewCell.swift */ = {isa = PBXFileReference; lastKnownFileType = sourcecode.swift; path = MeteorListTableViewCell.swift; sourceTree = "<group>"; };
		B663803026FD25820000DC2F /* MeteorCellViewModel.swift */ = {isa = PBXFileReference; lastKnownFileType = sourcecode.swift; path = MeteorCellViewModel.swift; sourceTree = "<group>"; };
		B663803326FD2F5E0000DC2F /* SF-Pro-Text-SemiboldItalic.otf */ = {isa = PBXFileReference; lastKnownFileType = file; path = "SF-Pro-Text-SemiboldItalic.otf"; sourceTree = "<group>"; };
		B663803426FD2F5E0000DC2F /* SF-Pro-Text-UltralightItalic.otf */ = {isa = PBXFileReference; lastKnownFileType = file; path = "SF-Pro-Text-UltralightItalic.otf"; sourceTree = "<group>"; };
		B663803526FD2F5F0000DC2F /* SF-Pro-Text-Regular.otf */ = {isa = PBXFileReference; lastKnownFileType = file; path = "SF-Pro-Text-Regular.otf"; sourceTree = "<group>"; };
		B663803626FD2F5F0000DC2F /* SF-Pro-Text-Heavy.otf */ = {isa = PBXFileReference; lastKnownFileType = file; path = "SF-Pro-Text-Heavy.otf"; sourceTree = "<group>"; };
		B663803726FD2F5F0000DC2F /* SF-Pro-Text-LightItalic.otf */ = {isa = PBXFileReference; lastKnownFileType = file; path = "SF-Pro-Text-LightItalic.otf"; sourceTree = "<group>"; };
		B663803826FD2F5F0000DC2F /* SF-Pro-Text-MediumItalic.otf */ = {isa = PBXFileReference; lastKnownFileType = file; path = "SF-Pro-Text-MediumItalic.otf"; sourceTree = "<group>"; };
		B663803926FD2F5F0000DC2F /* SF-Pro-Text-Semibold.otf */ = {isa = PBXFileReference; lastKnownFileType = file; path = "SF-Pro-Text-Semibold.otf"; sourceTree = "<group>"; };
		B663803A26FD2F600000DC2F /* SF-Pro-Text-ThinItalic.otf */ = {isa = PBXFileReference; lastKnownFileType = file; path = "SF-Pro-Text-ThinItalic.otf"; sourceTree = "<group>"; };
		B663803B26FD2F600000DC2F /* SF-Pro-Text-BlackItalic.otf */ = {isa = PBXFileReference; lastKnownFileType = file; path = "SF-Pro-Text-BlackItalic.otf"; sourceTree = "<group>"; };
		B663803C26FD2F600000DC2F /* SF-Pro-Text-RegularItalic.otf */ = {isa = PBXFileReference; lastKnownFileType = file; path = "SF-Pro-Text-RegularItalic.otf"; sourceTree = "<group>"; };
		B663803D26FD2F600000DC2F /* SF-Pro-Text-Black.otf */ = {isa = PBXFileReference; lastKnownFileType = file; path = "SF-Pro-Text-Black.otf"; sourceTree = "<group>"; };
		B663803E26FD2F600000DC2F /* SF-Pro-Text-BoldItalic.otf */ = {isa = PBXFileReference; lastKnownFileType = file; path = "SF-Pro-Text-BoldItalic.otf"; sourceTree = "<group>"; };
		B663803F26FD2F610000DC2F /* SF-Pro-Text-Light.otf */ = {isa = PBXFileReference; lastKnownFileType = file; path = "SF-Pro-Text-Light.otf"; sourceTree = "<group>"; };
		B663804026FD2F610000DC2F /* SF-Pro-Text-Ultralight.otf */ = {isa = PBXFileReference; lastKnownFileType = file; path = "SF-Pro-Text-Ultralight.otf"; sourceTree = "<group>"; };
		B663804126FD2F610000DC2F /* SF-Pro-Text-Medium.otf */ = {isa = PBXFileReference; lastKnownFileType = file; path = "SF-Pro-Text-Medium.otf"; sourceTree = "<group>"; };
		B663804226FD2F610000DC2F /* SF-Pro-Text-HeavyItalic.otf */ = {isa = PBXFileReference; lastKnownFileType = file; path = "SF-Pro-Text-HeavyItalic.otf"; sourceTree = "<group>"; };
		B663804326FD2F610000DC2F /* SF-Pro-Text-Thin.otf */ = {isa = PBXFileReference; lastKnownFileType = file; path = "SF-Pro-Text-Thin.otf"; sourceTree = "<group>"; };
		B663804426FD2F620000DC2F /* SF-Pro-Text-Bold.otf */ = {isa = PBXFileReference; lastKnownFileType = file; path = "SF-Pro-Text-Bold.otf"; sourceTree = "<group>"; };
		B663805726FE6BEB0000DC2F /* String+Extensions.swift */ = {isa = PBXFileReference; lastKnownFileType = sourcecode.swift; path = "String+Extensions.swift"; sourceTree = "<group>"; };
		B663805926FE818B0000DC2F /* MeteorMapViewController.swift */ = {isa = PBXFileReference; lastKnownFileType = sourcecode.swift; path = MeteorMapViewController.swift; sourceTree = "<group>"; };
		B663805B26FE838F0000DC2F /* MeteorMapViewModel.swift */ = {isa = PBXFileReference; lastKnownFileType = sourcecode.swift; path = MeteorMapViewModel.swift; sourceTree = "<group>"; };
		B663805D26FE8DB30000DC2F /* MeteorFavouritesViewController.swift */ = {isa = PBXFileReference; lastKnownFileType = sourcecode.swift; path = MeteorFavouritesViewController.swift; sourceTree = "<group>"; };
		B663806126FE91690000DC2F /* FavouritesManager.swift */ = {isa = PBXFileReference; lastKnownFileType = sourcecode.swift; path = FavouritesManager.swift; sourceTree = "<group>"; };
		B663806326FF2E2E0000DC2F /* MeteorFavouritesTableViewCell.swift */ = {isa = PBXFileReference; lastKnownFileType = sourcecode.swift; path = MeteorFavouritesTableViewCell.swift; sourceTree = "<group>"; };
/* End PBXFileReference section */

/* Begin PBXFrameworksBuildPhase section */
		B6637FE826FBD29E0000DC2F /* Frameworks */ = {
			isa = PBXFrameworksBuildPhase;
			buildActionMask = 2147483647;
			files = (
			);
			runOnlyForDeploymentPostprocessing = 0;
		};
		B6637FFE26FBD2A20000DC2F /* Frameworks */ = {
			isa = PBXFrameworksBuildPhase;
			buildActionMask = 2147483647;
			files = (
			);
			runOnlyForDeploymentPostprocessing = 0;
		};
		B663800926FBD2A20000DC2F /* Frameworks */ = {
			isa = PBXFrameworksBuildPhase;
			buildActionMask = 2147483647;
			files = (
			);
			runOnlyForDeploymentPostprocessing = 0;
		};
/* End PBXFrameworksBuildPhase section */

/* Begin PBXGroup section */
		B6637FE226FBD29E0000DC2F = {
			isa = PBXGroup;
			children = (
				B6637FED26FBD29E0000DC2F /* TheFallen */,
				B663800426FBD2A20000DC2F /* TheFallenTests */,
				B663800F26FBD2A20000DC2F /* TheFallenUITests */,
				B6637FEC26FBD29E0000DC2F /* Products */,
			);
			sourceTree = "<group>";
		};
		B6637FEC26FBD29E0000DC2F /* Products */ = {
			isa = PBXGroup;
			children = (
				B6637FEB26FBD29E0000DC2F /* TheFallen.app */,
				B663800126FBD2A20000DC2F /* TheFallenTests.xctest */,
				B663800C26FBD2A20000DC2F /* TheFallenUITests.xctest */,
			);
			name = Products;
			sourceTree = "<group>";
		};
		B6637FED26FBD29E0000DC2F /* TheFallen */ = {
			isa = PBXGroup;
			children = (
				B663806026FE91360000DC2F /* Helpers */,
				B663803226FD2EA90000DC2F /* Fonts */,
				B663802526FBDE570000DC2F /* App */,
				B663801E26FBDDFA0000DC2F /* View Models */,
				B663802426FBDE510000DC2F /* Views */,
				B663802126FBDE360000DC2F /* Models */,
				B663802326FBDE490000DC2F /* Files */,
				B663802226FBDE3C0000DC2F /* Network Service */,
				B663802026FBDE2D0000DC2F /* Extensions */,
				B663801F26FBDE0B0000DC2F /* Constants */,
			);
			path = TheFallen;
			sourceTree = "<group>";
		};
		B663800426FBD2A20000DC2F /* TheFallenTests */ = {
			isa = PBXGroup;
			children = (
				B663800526FBD2A20000DC2F /* TheFallenTests.swift */,
				B663800726FBD2A20000DC2F /* Info.plist */,
			);
			path = TheFallenTests;
			sourceTree = "<group>";
		};
		B663800F26FBD2A20000DC2F /* TheFallenUITests */ = {
			isa = PBXGroup;
			children = (
				B663801026FBD2A20000DC2F /* TheFallenUITests.swift */,
				B663801226FBD2A20000DC2F /* Info.plist */,
			);
			path = TheFallenUITests;
			sourceTree = "<group>";
		};
		B663801E26FBDDFA0000DC2F /* View Models */ = {
			isa = PBXGroup;
			children = (
				B663802A26FD18080000DC2F /* MeteorViewModel.swift */,
				B663803026FD25820000DC2F /* MeteorCellViewModel.swift */,
				B663805B26FE838F0000DC2F /* MeteorMapViewModel.swift */,
			);
			path = "View Models";
			sourceTree = "<group>";
		};
		B663801F26FBDE0B0000DC2F /* Constants */ = {
			isa = PBXGroup;
			children = (
			);
			path = Constants;
			sourceTree = "<group>";
		};
		B663802026FBDE2D0000DC2F /* Extensions */ = {
			isa = PBXGroup;
			children = (
				B663805726FE6BEB0000DC2F /* String+Extensions.swift */,
			);
			path = Extensions;
			sourceTree = "<group>";
		};
		B663802126FBDE360000DC2F /* Models */ = {
			isa = PBXGroup;
			children = (
				B663802826FD0FE80000DC2F /* MeteorModel.swift */,
			);
			path = Models;
			sourceTree = "<group>";
		};
		B663802226FBDE3C0000DC2F /* Network Service */ = {
			isa = PBXGroup;
			children = (
				B663802626FD0E8D0000DC2F /* MeteorNetworkService.swift */,
			);
			path = "Network Service";
			sourceTree = "<group>";
		};
		B663802326FBDE490000DC2F /* Files */ = {
			isa = PBXGroup;
			children = (
				B6637FFC26FBD2A20000DC2F /* Info.plist */,
				B6637FF926FBD2A20000DC2F /* LaunchScreen.storyboard */,
				B6637FF726FBD2A20000DC2F /* Assets.xcassets */,
			);
			path = Files;
			sourceTree = "<group>";
		};
		B663802426FBDE510000DC2F /* Views */ = {
			isa = PBXGroup;
			children = (
				B663802D26FD21A20000DC2F /* Controllers */,
				B663802C26FD218C0000DC2F /* Cells */,
				B6637FF426FBD29E0000DC2F /* Main.storyboard */,
			);
			path = Views;
			sourceTree = "<group>";
		};
		B663802526FBDE570000DC2F /* App */ = {
			isa = PBXGroup;
			children = (
				B6637FEE26FBD29E0000DC2F /* AppDelegate.swift */,
				B6637FF026FBD29E0000DC2F /* SceneDelegate.swift */,
			);
			path = App;
			sourceTree = "<group>";
		};
		B663802C26FD218C0000DC2F /* Cells */ = {
			isa = PBXGroup;
			children = (
				B663802E26FD255C0000DC2F /* MeteorListTableViewCell.swift */,
				B663806326FF2E2E0000DC2F /* MeteorFavouritesTableViewCell.swift */,
			);
			path = Cells;
			sourceTree = "<group>";
		};
		B663802D26FD21A20000DC2F /* Controllers */ = {
			isa = PBXGroup;
			children = (
				B6637FF226FBD29E0000DC2F /* MeteorViewController.swift */,
				B663805926FE818B0000DC2F /* MeteorMapViewController.swift */,
				B663805D26FE8DB30000DC2F /* MeteorFavouritesViewController.swift */,
			);
			path = Controllers;
			sourceTree = "<group>";
		};
		B663803226FD2EA90000DC2F /* Fonts */ = {
			isa = PBXGroup;
			children = (
				B663803D26FD2F600000DC2F /* SF-Pro-Text-Black.otf */,
				B663803B26FD2F600000DC2F /* SF-Pro-Text-BlackItalic.otf */,
				B663804426FD2F620000DC2F /* SF-Pro-Text-Bold.otf */,
				B663803E26FD2F600000DC2F /* SF-Pro-Text-BoldItalic.otf */,
				B663803626FD2F5F0000DC2F /* SF-Pro-Text-Heavy.otf */,
				B663804226FD2F610000DC2F /* SF-Pro-Text-HeavyItalic.otf */,
				B663803F26FD2F610000DC2F /* SF-Pro-Text-Light.otf */,
				B663803726FD2F5F0000DC2F /* SF-Pro-Text-LightItalic.otf */,
				B663804126FD2F610000DC2F /* SF-Pro-Text-Medium.otf */,
				B663803826FD2F5F0000DC2F /* SF-Pro-Text-MediumItalic.otf */,
				B663803526FD2F5F0000DC2F /* SF-Pro-Text-Regular.otf */,
				B663803C26FD2F600000DC2F /* SF-Pro-Text-RegularItalic.otf */,
				B663803926FD2F5F0000DC2F /* SF-Pro-Text-Semibold.otf */,
				B663803326FD2F5E0000DC2F /* SF-Pro-Text-SemiboldItalic.otf */,
				B663804326FD2F610000DC2F /* SF-Pro-Text-Thin.otf */,
				B663803A26FD2F600000DC2F /* SF-Pro-Text-ThinItalic.otf */,
				B663804026FD2F610000DC2F /* SF-Pro-Text-Ultralight.otf */,
				B663803426FD2F5E0000DC2F /* SF-Pro-Text-UltralightItalic.otf */,
			);
			path = Fonts;
			sourceTree = "<group>";
		};
		B663806026FE91360000DC2F /* Helpers */ = {
			isa = PBXGroup;
			children = (
				B663806126FE91690000DC2F /* FavouritesManager.swift */,
			);
			path = Helpers;
			sourceTree = "<group>";
		};
/* End PBXGroup section */

/* Begin PBXNativeTarget section */
		B6637FEA26FBD29E0000DC2F /* TheFallen */ = {
			isa = PBXNativeTarget;
			buildConfigurationList = B663801526FBD2A20000DC2F /* Build configuration list for PBXNativeTarget "TheFallen" */;
			buildPhases = (
				B6637FE726FBD29E0000DC2F /* Sources */,
				B6637FE826FBD29E0000DC2F /* Frameworks */,
				B6637FE926FBD29E0000DC2F /* Resources */,
			);
			buildRules = (
			);
			dependencies = (
			);
			name = TheFallen;
			productName = TheFallen;
			productReference = B6637FEB26FBD29E0000DC2F /* TheFallen.app */;
			productType = "com.apple.product-type.application";
		};
		B663800026FBD2A20000DC2F /* TheFallenTests */ = {
			isa = PBXNativeTarget;
			buildConfigurationList = B663801826FBD2A20000DC2F /* Build configuration list for PBXNativeTarget "TheFallenTests" */;
			buildPhases = (
				B6637FFD26FBD2A20000DC2F /* Sources */,
				B6637FFE26FBD2A20000DC2F /* Frameworks */,
				B6637FFF26FBD2A20000DC2F /* Resources */,
			);
			buildRules = (
			);
			dependencies = (
				B663800326FBD2A20000DC2F /* PBXTargetDependency */,
			);
			name = TheFallenTests;
			productName = TheFallenTests;
			productReference = B663800126FBD2A20000DC2F /* TheFallenTests.xctest */;
			productType = "com.apple.product-type.bundle.unit-test";
		};
		B663800B26FBD2A20000DC2F /* TheFallenUITests */ = {
			isa = PBXNativeTarget;
			buildConfigurationList = B663801B26FBD2A20000DC2F /* Build configuration list for PBXNativeTarget "TheFallenUITests" */;
			buildPhases = (
				B663800826FBD2A20000DC2F /* Sources */,
				B663800926FBD2A20000DC2F /* Frameworks */,
				B663800A26FBD2A20000DC2F /* Resources */,
			);
			buildRules = (
			);
			dependencies = (
				B663800E26FBD2A20000DC2F /* PBXTargetDependency */,
			);
			name = TheFallenUITests;
			productName = TheFallenUITests;
			productReference = B663800C26FBD2A20000DC2F /* TheFallenUITests.xctest */;
			productType = "com.apple.product-type.bundle.ui-testing";
		};
/* End PBXNativeTarget section */

/* Begin PBXProject section */
		B6637FE326FBD29E0000DC2F /* Project object */ = {
			isa = PBXProject;
			attributes = {
				LastSwiftUpdateCheck = 1250;
				LastUpgradeCheck = 1250;
				TargetAttributes = {
					B6637FEA26FBD29E0000DC2F = {
						CreatedOnToolsVersion = 12.5.1;
					};
					B663800026FBD2A20000DC2F = {
						CreatedOnToolsVersion = 12.5.1;
						TestTargetID = B6637FEA26FBD29E0000DC2F;
					};
					B663800B26FBD2A20000DC2F = {
						CreatedOnToolsVersion = 12.5.1;
						TestTargetID = B6637FEA26FBD29E0000DC2F;
					};
				};
			};
			buildConfigurationList = B6637FE626FBD29E0000DC2F /* Build configuration list for PBXProject "TheFallen" */;
			compatibilityVersion = "Xcode 9.3";
			developmentRegion = en;
			hasScannedForEncodings = 0;
			knownRegions = (
				en,
				Base,
			);
			mainGroup = B6637FE226FBD29E0000DC2F;
			productRefGroup = B6637FEC26FBD29E0000DC2F /* Products */;
			projectDirPath = "";
			projectRoot = "";
			targets = (
				B6637FEA26FBD29E0000DC2F /* TheFallen */,
				B663800026FBD2A20000DC2F /* TheFallenTests */,
				B663800B26FBD2A20000DC2F /* TheFallenUITests */,
			);
		};
/* End PBXProject section */

/* Begin PBXResourcesBuildPhase section */
		B6637FE926FBD29E0000DC2F /* Resources */ = {
			isa = PBXResourcesBuildPhase;
			buildActionMask = 2147483647;
			files = (
				B663804726FD2F620000DC2F /* SF-Pro-Text-Regular.otf in Resources */,
				B663804526FD2F620000DC2F /* SF-Pro-Text-SemiboldItalic.otf in Resources */,
				B663805226FD2F620000DC2F /* SF-Pro-Text-Ultralight.otf in Resources */,
				B663804E26FD2F620000DC2F /* SF-Pro-Text-RegularItalic.otf in Resources */,
				B663804B26FD2F620000DC2F /* SF-Pro-Text-Semibold.otf in Resources */,
				B663804D26FD2F620000DC2F /* SF-Pro-Text-BlackItalic.otf in Resources */,
				B663804F26FD2F620000DC2F /* SF-Pro-Text-Black.otf in Resources */,
				B6637FFB26FBD2A20000DC2F /* LaunchScreen.storyboard in Resources */,
				B663805626FD2F620000DC2F /* SF-Pro-Text-Bold.otf in Resources */,
				B663805326FD2F620000DC2F /* SF-Pro-Text-Medium.otf in Resources */,
				B663805426FD2F620000DC2F /* SF-Pro-Text-HeavyItalic.otf in Resources */,
				B663804826FD2F620000DC2F /* SF-Pro-Text-Heavy.otf in Resources */,
				B663804626FD2F620000DC2F /* SF-Pro-Text-UltralightItalic.otf in Resources */,
				B6637FF826FBD2A20000DC2F /* Assets.xcassets in Resources */,
				B663805126FD2F620000DC2F /* SF-Pro-Text-Light.otf in Resources */,
				B663804A26FD2F620000DC2F /* SF-Pro-Text-MediumItalic.otf in Resources */,
				B663804926FD2F620000DC2F /* SF-Pro-Text-LightItalic.otf in Resources */,
				B663805526FD2F620000DC2F /* SF-Pro-Text-Thin.otf in Resources */,
				B6637FF626FBD29E0000DC2F /* Main.storyboard in Resources */,
				B663805026FD2F620000DC2F /* SF-Pro-Text-BoldItalic.otf in Resources */,
				B663804C26FD2F620000DC2F /* SF-Pro-Text-ThinItalic.otf in Resources */,
			);
			runOnlyForDeploymentPostprocessing = 0;
		};
		B6637FFF26FBD2A20000DC2F /* Resources */ = {
			isa = PBXResourcesBuildPhase;
			buildActionMask = 2147483647;
			files = (
			);
			runOnlyForDeploymentPostprocessing = 0;
		};
		B663800A26FBD2A20000DC2F /* Resources */ = {
			isa = PBXResourcesBuildPhase;
			buildActionMask = 2147483647;
			files = (
			);
			runOnlyForDeploymentPostprocessing = 0;
		};
/* End PBXResourcesBuildPhase section */

/* Begin PBXSourcesBuildPhase section */
		B6637FE726FBD29E0000DC2F /* Sources */ = {
			isa = PBXSourcesBuildPhase;
			buildActionMask = 2147483647;
			files = (
				B663802926FD0FE80000DC2F /* MeteorModel.swift in Sources */,
				B663806426FF2E2E0000DC2F /* MeteorFavouritesTableViewCell.swift in Sources */,
				B663805A26FE818B0000DC2F /* MeteorMapViewController.swift in Sources */,
				B663802F26FD255C0000DC2F /* MeteorListTableViewCell.swift in Sources */,
				B6637FF326FBD29E0000DC2F /* MeteorViewController.swift in Sources */,
				B6637FEF26FBD29E0000DC2F /* AppDelegate.swift in Sources */,
				B663805826FE6BEB0000DC2F /* String+Extensions.swift in Sources */,
				B663805E26FE8DB30000DC2F /* MeteorFavouritesViewController.swift in Sources */,
				B663806226FE91690000DC2F /* FavouritesManager.swift in Sources */,
				B663803126FD25820000DC2F /* MeteorCellViewModel.swift in Sources */,
				B663805C26FE838F0000DC2F /* MeteorMapViewModel.swift in Sources */,
				B663802726FD0E8D0000DC2F /* MeteorNetworkService.swift in Sources */,
				B663802B26FD18080000DC2F /* MeteorViewModel.swift in Sources */,
				B6637FF126FBD29E0000DC2F /* SceneDelegate.swift in Sources */,
			);
			runOnlyForDeploymentPostprocessing = 0;
		};
		B6637FFD26FBD2A20000DC2F /* Sources */ = {
			isa = PBXSourcesBuildPhase;
			buildActionMask = 2147483647;
			files = (
				B663800626FBD2A20000DC2F /* TheFallenTests.swift in Sources */,
			);
			runOnlyForDeploymentPostprocessing = 0;
		};
		B663800826FBD2A20000DC2F /* Sources */ = {
			isa = PBXSourcesBuildPhase;
			buildActionMask = 2147483647;
			files = (
				B663801126FBD2A20000DC2F /* TheFallenUITests.swift in Sources */,
			);
			runOnlyForDeploymentPostprocessing = 0;
		};
/* End PBXSourcesBuildPhase section */

/* Begin PBXTargetDependency section */
		B663800326FBD2A20000DC2F /* PBXTargetDependency */ = {
			isa = PBXTargetDependency;
			target = B6637FEA26FBD29E0000DC2F /* TheFallen */;
			targetProxy = B663800226FBD2A20000DC2F /* PBXContainerItemProxy */;
		};
		B663800E26FBD2A20000DC2F /* PBXTargetDependency */ = {
			isa = PBXTargetDependency;
			target = B6637FEA26FBD29E0000DC2F /* TheFallen */;
			targetProxy = B663800D26FBD2A20000DC2F /* PBXContainerItemProxy */;
		};
/* End PBXTargetDependency section */

/* Begin PBXVariantGroup section */
		B6637FF426FBD29E0000DC2F /* Main.storyboard */ = {
			isa = PBXVariantGroup;
			children = (
				B6637FF526FBD29E0000DC2F /* Base */,
			);
			name = Main.storyboard;
			sourceTree = "<group>";
		};
		B6637FF926FBD2A20000DC2F /* LaunchScreen.storyboard */ = {
			isa = PBXVariantGroup;
			children = (
				B6637FFA26FBD2A20000DC2F /* Base */,
			);
			name = LaunchScreen.storyboard;
			sourceTree = "<group>";
		};
/* End PBXVariantGroup section */

/* Begin XCBuildConfiguration section */
		B663801326FBD2A20000DC2F /* Debug */ = {
			isa = XCBuildConfiguration;
			buildSettings = {
				ALWAYS_SEARCH_USER_PATHS = NO;
				CLANG_ANALYZER_NONNULL = YES;
				CLANG_ANALYZER_NUMBER_OBJECT_CONVERSION = YES_AGGRESSIVE;
				CLANG_CXX_LANGUAGE_STANDARD = "gnu++14";
				CLANG_CXX_LIBRARY = "libc++";
				CLANG_ENABLE_MODULES = YES;
				CLANG_ENABLE_OBJC_ARC = YES;
				CLANG_ENABLE_OBJC_WEAK = YES;
				CLANG_WARN_BLOCK_CAPTURE_AUTORELEASING = YES;
				CLANG_WARN_BOOL_CONVERSION = YES;
				CLANG_WARN_COMMA = YES;
				CLANG_WARN_CONSTANT_CONVERSION = YES;
				CLANG_WARN_DEPRECATED_OBJC_IMPLEMENTATIONS = YES;
				CLANG_WARN_DIRECT_OBJC_ISA_USAGE = YES_ERROR;
				CLANG_WARN_DOCUMENTATION_COMMENTS = YES;
				CLANG_WARN_EMPTY_BODY = YES;
				CLANG_WARN_ENUM_CONVERSION = YES;
				CLANG_WARN_INFINITE_RECURSION = YES;
				CLANG_WARN_INT_CONVERSION = YES;
				CLANG_WARN_NON_LITERAL_NULL_CONVERSION = YES;
				CLANG_WARN_OBJC_IMPLICIT_RETAIN_SELF = YES;
				CLANG_WARN_OBJC_LITERAL_CONVERSION = YES;
				CLANG_WARN_OBJC_ROOT_CLASS = YES_ERROR;
				CLANG_WARN_QUOTED_INCLUDE_IN_FRAMEWORK_HEADER = YES;
				CLANG_WARN_RANGE_LOOP_ANALYSIS = YES;
				CLANG_WARN_STRICT_PROTOTYPES = YES;
				CLANG_WARN_SUSPICIOUS_MOVE = YES;
				CLANG_WARN_UNGUARDED_AVAILABILITY = YES_AGGRESSIVE;
				CLANG_WARN_UNREACHABLE_CODE = YES;
				CLANG_WARN__DUPLICATE_METHOD_MATCH = YES;
				COPY_PHASE_STRIP = NO;
				DEBUG_INFORMATION_FORMAT = dwarf;
				ENABLE_STRICT_OBJC_MSGSEND = YES;
				ENABLE_TESTABILITY = YES;
				GCC_C_LANGUAGE_STANDARD = gnu11;
				GCC_DYNAMIC_NO_PIC = NO;
				GCC_NO_COMMON_BLOCKS = YES;
				GCC_OPTIMIZATION_LEVEL = 0;
				GCC_PREPROCESSOR_DEFINITIONS = (
					"DEBUG=1",
					"$(inherited)",
				);
				GCC_WARN_64_TO_32_BIT_CONVERSION = YES;
				GCC_WARN_ABOUT_RETURN_TYPE = YES_ERROR;
				GCC_WARN_UNDECLARED_SELECTOR = YES;
				GCC_WARN_UNINITIALIZED_AUTOS = YES_AGGRESSIVE;
				GCC_WARN_UNUSED_FUNCTION = YES;
				GCC_WARN_UNUSED_VARIABLE = YES;
				IPHONEOS_DEPLOYMENT_TARGET = 14.5;
				MTL_ENABLE_DEBUG_INFO = INCLUDE_SOURCE;
				MTL_FAST_MATH = YES;
				ONLY_ACTIVE_ARCH = YES;
				SDKROOT = iphoneos;
				SWIFT_ACTIVE_COMPILATION_CONDITIONS = DEBUG;
				SWIFT_OPTIMIZATION_LEVEL = "-Onone";
			};
			name = Debug;
		};
		B663801426FBD2A20000DC2F /* Release */ = {
			isa = XCBuildConfiguration;
			buildSettings = {
				ALWAYS_SEARCH_USER_PATHS = NO;
				CLANG_ANALYZER_NONNULL = YES;
				CLANG_ANALYZER_NUMBER_OBJECT_CONVERSION = YES_AGGRESSIVE;
				CLANG_CXX_LANGUAGE_STANDARD = "gnu++14";
				CLANG_CXX_LIBRARY = "libc++";
				CLANG_ENABLE_MODULES = YES;
				CLANG_ENABLE_OBJC_ARC = YES;
				CLANG_ENABLE_OBJC_WEAK = YES;
				CLANG_WARN_BLOCK_CAPTURE_AUTORELEASING = YES;
				CLANG_WARN_BOOL_CONVERSION = YES;
				CLANG_WARN_COMMA = YES;
				CLANG_WARN_CONSTANT_CONVERSION = YES;
				CLANG_WARN_DEPRECATED_OBJC_IMPLEMENTATIONS = YES;
				CLANG_WARN_DIRECT_OBJC_ISA_USAGE = YES_ERROR;
				CLANG_WARN_DOCUMENTATION_COMMENTS = YES;
				CLANG_WARN_EMPTY_BODY = YES;
				CLANG_WARN_ENUM_CONVERSION = YES;
				CLANG_WARN_INFINITE_RECURSION = YES;
				CLANG_WARN_INT_CONVERSION = YES;
				CLANG_WARN_NON_LITERAL_NULL_CONVERSION = YES;
				CLANG_WARN_OBJC_IMPLICIT_RETAIN_SELF = YES;
				CLANG_WARN_OBJC_LITERAL_CONVERSION = YES;
				CLANG_WARN_OBJC_ROOT_CLASS = YES_ERROR;
				CLANG_WARN_QUOTED_INCLUDE_IN_FRAMEWORK_HEADER = YES;
				CLANG_WARN_RANGE_LOOP_ANALYSIS = YES;
				CLANG_WARN_STRICT_PROTOTYPES = YES;
				CLANG_WARN_SUSPICIOUS_MOVE = YES;
				CLANG_WARN_UNGUARDED_AVAILABILITY = YES_AGGRESSIVE;
				CLANG_WARN_UNREACHABLE_CODE = YES;
				CLANG_WARN__DUPLICATE_METHOD_MATCH = YES;
				COPY_PHASE_STRIP = NO;
				DEBUG_INFORMATION_FORMAT = "dwarf-with-dsym";
				ENABLE_NS_ASSERTIONS = NO;
				ENABLE_STRICT_OBJC_MSGSEND = YES;
				GCC_C_LANGUAGE_STANDARD = gnu11;
				GCC_NO_COMMON_BLOCKS = YES;
				GCC_WARN_64_TO_32_BIT_CONVERSION = YES;
				GCC_WARN_ABOUT_RETURN_TYPE = YES_ERROR;
				GCC_WARN_UNDECLARED_SELECTOR = YES;
				GCC_WARN_UNINITIALIZED_AUTOS = YES_AGGRESSIVE;
				GCC_WARN_UNUSED_FUNCTION = YES;
				GCC_WARN_UNUSED_VARIABLE = YES;
				IPHONEOS_DEPLOYMENT_TARGET = 14.5;
				MTL_ENABLE_DEBUG_INFO = NO;
				MTL_FAST_MATH = YES;
				SDKROOT = iphoneos;
				SWIFT_COMPILATION_MODE = wholemodule;
				SWIFT_OPTIMIZATION_LEVEL = "-O";
				VALIDATE_PRODUCT = YES;
			};
			name = Release;
		};
		B663801626FBD2A20000DC2F /* Debug */ = {
			isa = XCBuildConfiguration;
			buildSettings = {
				ASSETCATALOG_COMPILER_APPICON_NAME = AppIcon;
				ASSETCATALOG_COMPILER_GLOBAL_ACCENT_COLOR_NAME = AccentColor;
				CODE_SIGN_STYLE = Automatic;
				DEVELOPMENT_TEAM = M74ZCP24NH;
				INFOPLIST_FILE = TheFallen/Files/Info.plist;
				LD_RUNPATH_SEARCH_PATHS = (
					"$(inherited)",
					"@executable_path/Frameworks",
				);
				PRODUCT_BUNDLE_IDENTIFIER = "com.personal-work.TheFallen";
				PRODUCT_NAME = "$(TARGET_NAME)";
				SWIFT_VERSION = 5.0;
				TARGETED_DEVICE_FAMILY = "1,2";
			};
			name = Debug;
		};
		B663801726FBD2A20000DC2F /* Release */ = {
			isa = XCBuildConfiguration;
			buildSettings = {
				ASSETCATALOG_COMPILER_APPICON_NAME = AppIcon;
				ASSETCATALOG_COMPILER_GLOBAL_ACCENT_COLOR_NAME = AccentColor;
				CODE_SIGN_STYLE = Automatic;
				DEVELOPMENT_TEAM = M74ZCP24NH;
				INFOPLIST_FILE = TheFallen/Files/Info.plist;
				LD_RUNPATH_SEARCH_PATHS = (
					"$(inherited)",
					"@executable_path/Frameworks",
				);
				PRODUCT_BUNDLE_IDENTIFIER = "com.personal-work.TheFallen";
				PRODUCT_NAME = "$(TARGET_NAME)";
				SWIFT_VERSION = 5.0;
				TARGETED_DEVICE_FAMILY = "1,2";
			};
			name = Release;
		};
		B663801926FBD2A20000DC2F /* Debug */ = {
			isa = XCBuildConfiguration;
			buildSettings = {
				ALWAYS_EMBED_SWIFT_STANDARD_LIBRARIES = YES;
				BUNDLE_LOADER = "$(TEST_HOST)";
				CODE_SIGN_STYLE = Automatic;
				DEVELOPMENT_TEAM = M74ZCP24NH;
				INFOPLIST_FILE = TheFallenTests/Info.plist;
				IPHONEOS_DEPLOYMENT_TARGET = 14.5;
				LD_RUNPATH_SEARCH_PATHS = (
					"$(inherited)",
					"@executable_path/Frameworks",
					"@loader_path/Frameworks",
				);
				PRODUCT_BUNDLE_IDENTIFIER = "com.personal-work.TheFallenTests";
				PRODUCT_NAME = "$(TARGET_NAME)";
				SWIFT_VERSION = 5.0;
				TARGETED_DEVICE_FAMILY = "1,2";
				TEST_HOST = "$(BUILT_PRODUCTS_DIR)/TheFallen.app/TheFallen";
			};
			name = Debug;
		};
		B663801A26FBD2A20000DC2F /* Release */ = {
			isa = XCBuildConfiguration;
			buildSettings = {
				ALWAYS_EMBED_SWIFT_STANDARD_LIBRARIES = YES;
				BUNDLE_LOADER = "$(TEST_HOST)";
				CODE_SIGN_STYLE = Automatic;
				DEVELOPMENT_TEAM = M74ZCP24NH;
				INFOPLIST_FILE = TheFallenTests/Info.plist;
				IPHONEOS_DEPLOYMENT_TARGET = 14.5;
				LD_RUNPATH_SEARCH_PATHS = (
					"$(inherited)",
					"@executable_path/Frameworks",
					"@loader_path/Frameworks",
				);
				PRODUCT_BUNDLE_IDENTIFIER = "com.personal-work.TheFallenTests";
				PRODUCT_NAME = "$(TARGET_NAME)";
				SWIFT_VERSION = 5.0;
				TARGETED_DEVICE_FAMILY = "1,2";
				TEST_HOST = "$(BUILT_PRODUCTS_DIR)/TheFallen.app/TheFallen";
			};
			name = Release;
		};
		B663801C26FBD2A20000DC2F /* Debug */ = {
			isa = XCBuildConfiguration;
			buildSettings = {
				ALWAYS_EMBED_SWIFT_STANDARD_LIBRARIES = YES;
				CODE_SIGN_STYLE = Automatic;
				DEVELOPMENT_TEAM = M74ZCP24NH;
				INFOPLIST_FILE = TheFallenUITests/Info.plist;
				LD_RUNPATH_SEARCH_PATHS = (
					"$(inherited)",
					"@executable_path/Frameworks",
					"@loader_path/Frameworks",
				);
				PRODUCT_BUNDLE_IDENTIFIER = "com.personal-work.TheFallenUITests";
				PRODUCT_NAME = "$(TARGET_NAME)";
				SWIFT_VERSION = 5.0;
				TARGETED_DEVICE_FAMILY = "1,2";
				TEST_TARGET_NAME = TheFallen;
			};
			name = Debug;
		};
		B663801D26FBD2A20000DC2F /* Release */ = {
			isa = XCBuildConfiguration;
			buildSettings = {
				ALWAYS_EMBED_SWIFT_STANDARD_LIBRARIES = YES;
				CODE_SIGN_STYLE = Automatic;
				DEVELOPMENT_TEAM = M74ZCP24NH;
				INFOPLIST_FILE = TheFallenUITests/Info.plist;
				LD_RUNPATH_SEARCH_PATHS = (
					"$(inherited)",
					"@executable_path/Frameworks",
					"@loader_path/Frameworks",
				);
				PRODUCT_BUNDLE_IDENTIFIER = "com.personal-work.TheFallenUITests";
				PRODUCT_NAME = "$(TARGET_NAME)";
				SWIFT_VERSION = 5.0;
				TARGETED_DEVICE_FAMILY = "1,2";
				TEST_TARGET_NAME = TheFallen;
			};
			name = Release;
		};
/* End XCBuildConfiguration section */

/* Begin XCConfigurationList section */
		B6637FE626FBD29E0000DC2F /* Build configuration list for PBXProject "TheFallen" */ = {
			isa = XCConfigurationList;
			buildConfigurations = (
				B663801326FBD2A20000DC2F /* Debug */,
				B663801426FBD2A20000DC2F /* Release */,
			);
			defaultConfigurationIsVisible = 0;
			defaultConfigurationName = Release;
		};
		B663801526FBD2A20000DC2F /* Build configuration list for PBXNativeTarget "TheFallen" */ = {
			isa = XCConfigurationList;
			buildConfigurations = (
				B663801626FBD2A20000DC2F /* Debug */,
				B663801726FBD2A20000DC2F /* Release */,
			);
			defaultConfigurationIsVisible = 0;
			defaultConfigurationName = Release;
		};
		B663801826FBD2A20000DC2F /* Build configuration list for PBXNativeTarget "TheFallenTests" */ = {
			isa = XCConfigurationList;
			buildConfigurations = (
				B663801926FBD2A20000DC2F /* Debug */,
				B663801A26FBD2A20000DC2F /* Release */,
			);
			defaultConfigurationIsVisible = 0;
			defaultConfigurationName = Release;
		};
		B663801B26FBD2A20000DC2F /* Build configuration list for PBXNativeTarget "TheFallenUITests" */ = {
			isa = XCConfigurationList;
			buildConfigurations = (
				B663801C26FBD2A20000DC2F /* Debug */,
				B663801D26FBD2A20000DC2F /* Release */,
			);
			defaultConfigurationIsVisible = 0;
			defaultConfigurationName = Release;
		};
/* End XCConfigurationList section */
	};
	rootObject = B6637FE326FBD29E0000DC2F /* Project object */;
}
